
Microsoft Visual Studio Solution File, Format Version 12.00
# Visual Studio Version 16
VisualStudioVersion = 16.0.29025.244
MinimumVisualStudioVersion = 10.0.40219.1
Project("{FAE04EC0-301F-11D3-BF4B-00C04F79EFBC}") = "gRPC Demos", "gRPC Demos\gRPC Demos.csproj", "{4209A7D5-441F-4FF7-9221-E16BC08DF0CB}"
EndProject
Global
	GlobalSection(SolutionConfigurationPlatforms) = preSolution
		Debug|Any CPU = Debug|Any CPU
		Release|Any CPU = Release|Any CPU
	EndGlobalSection
	GlobalSection(ProjectConfigurationPlatforms) = postSolution
		{4209A7D5-441F-4FF7-9221-E16BC08DF0CB}.Debug|Any CPU.ActiveCfg = Debug|Any CPU
		{4209A7D5-441F-4FF7-9221-E16BC08DF0CB}.Debug|Any CPU.Build.0 = Debug|Any CPU
		{4209A7D5-441F-4FF7-9221-E16BC08DF0CB}.Release|Any CPU.ActiveCfg = Release|Any CPU
		{4209A7D5-441F-4FF7-9221-E16BC08DF0CB}.Release|Any CPU.Build.0 = Release|Any CPU
	EndGlobalSection
	GlobalSection(SolutionProperties) = preSolution
		HideSolutionNode = FALSE
	EndGlobalSection
	GlobalSection(ExtensibilityGlobals) = postSolution
		SolutionGuid = {EFE2A2F9-E189-4EED-B86C-EBD275BDBAAA}
	EndGlobalSection
EndGlobal
